
Microsoft Visual Studio Solution File, Format Version 12.00
# Visual Studio Version 16
VisualStudioVersion = 16.0.30804.86
MinimumVisualStudioVersion = 10.0.40219.1
Project("{FAE04EC0-301F-11D3-BF4B-00C04F79EFBC}") = "api", "api\api.csproj", "{65AA2E5D-0811-4D05-9905-95F263AF9B5A}"
EndProject
Global
	GlobalSection(SolutionConfigurationPlatforms) = preSolution
		Debug|Any CPU = Debug|Any CPU
		Release|Any CPU = Release|Any CPU
	EndGlobalSection
	GlobalSection(ProjectConfigurationPlatforms) = postSolution
		{65AA2E5D-0811-4D05-9905-95F263AF9B5A}.Debug|Any CPU.ActiveCfg = Debug|Any CPU
		{65AA2E5D-0811-4D05-9905-95F263AF9B5A}.Debug|Any CPU.Build.0 = Debug|Any CPU
		{65AA2E5D-0811-4D05-9905-95F263AF9B5A}.Release|Any CPU.ActiveCfg = Release|Any CPU
		{65AA2E5D-0811-4D05-9905-95F263AF9B5A}.Release|Any CPU.Build.0 = Release|Any CPU
	EndGlobalSection
	GlobalSection(SolutionProperties) = preSolution
		HideSolutionNode = FALSE
	EndGlobalSection
	GlobalSection(ExtensibilityGlobals) = postSolution
		SolutionGuid = {CD218EC2-D488-4D3A-9454-D71925C23B35}
	EndGlobalSection
EndGlobal
